
Microsoft Visual Studio Solution File, Format Version 12.00
# Visual Studio Version 16
VisualStudioVersion = 16.0.33927.289
MinimumVisualStudioVersion = 10.0.40219.1
Project("{2150E333-8FDC-42A3-9474-1A3956D46DE8}") = "Task0", "Task0", "{22A23738-72FE-4847-BB00-3D155A741716}"
EndProject
Project("{FAE04EC0-301F-11D3-BF4B-00C04F79EFBC}") = "Tyuiu.TkachukSS.Sprint3.Task0.V23", "Tyuiu.TkachukSS.Sprint3.Task0.V23\Tyuiu.TkachukSS.Sprint3.Task0.V23.csproj", "{1D2C29B8-0DBE-4F35-9DF7-E425F7178EEA}"
EndProject
Project("{FAE04EC0-301F-11D3-BF4B-00C04F79EFBC}") = "Tyuiu.TkachukSS.Sprint3.Task0.V23.Lib", "Tyuiu.TkachukSS.Sprint3.Task0.V23.Lib\Tyuiu.TkachukSS.Sprint3.Task0.V23.Lib.csproj", "{39A85243-95DF-4B91-A908-FBF37BFCC85E}"
EndProject
Project("{FAE04EC0-301F-11D3-BF4B-00C04F79EFBC}") = "Tyuiu.TkachukSS.Sprint3.Task0.V23.Test", "Tyuiu.TkachukSS.Sprint3.V23.Test\Tyuiu.TkachukSS.Sprint3.Task0.V23.Test.csproj", "{CD2C1CA0-9679-4006-83BE-F63D644A28E3}"
EndProject
Project("{2150E333-8FDC-42A3-9474-1A3956D46DE8}") = "Task1", "Task1", "{7B6FAF17-C495-4743-B786-9F71F66B1407}"
EndProject
Project("{FAE04EC0-301F-11D3-BF4B-00C04F79EFBC}") = "Tyuiu.TkachukSS.Sprint3.Task1.V6", "Tyuiu.TkachukSS.Sprint3.Task1.V6\Tyuiu.TkachukSS.Sprint3.Task1.V6.csproj", "{0BC5FD31-65B8-4004-B831-4713DA0DFC02}"
EndProject
Project("{FAE04EC0-301F-11D3-BF4B-00C04F79EFBC}") = "Tyuiu.TkachukSS.Sprint3.Task1.V6.Lib", "Tyuiu.TkachukSS.Sprint3.Task1.V6.Lib\Tyuiu.TkachukSS.Sprint3.Task1.V6.Lib.csproj", "{FE12C105-4DA8-4BA9-B913-376B448AC7E6}"
EndProject
Project("{FAE04EC0-301F-11D3-BF4B-00C04F79EFBC}") = "Tyuiu.TkachukSS.Sprint3.Task1.V6.Test", "Tyuiu.TkachukSS.Sprint3.Task1.V6.Test\Tyuiu.TkachukSS.Sprint3.Task1.V6.Test.csproj", "{AD853F37-7A84-43FD-BD6B-8583B4203A23}"
EndProject
Project("{2150E333-8FDC-42A3-9474-1A3956D46DE8}") = "Task2", "Task2", "{6BB26EB7-79AF-478D-95C9-3555002185B1}"
EndProject
Project("{FAE04EC0-301F-11D3-BF4B-00C04F79EFBC}") = "Tyuiu.TkachukSS.Sprint3.Task2.V20", "Tyuiu.TkachukSS.Sprint3.Task2.V20\Tyuiu.TkachukSS.Sprint3.Task2.V20.csproj", "{D738453E-346D-4688-8CBE-12E32682E4A2}"
EndProject
Project("{FAE04EC0-301F-11D3-BF4B-00C04F79EFBC}") = "Tyuiu.TkachukSS.Sprint3.Task2.V20.Lib", "Tyuiu.TkachukSS.Sprint3.Task2.V20.Lib\Tyuiu.TkachukSS.Sprint3.Task2.V20.Lib.csproj", "{FAB5B2E1-00F4-42BD-89CB-A19EBCEF48DA}"
EndProject
Project("{FAE04EC0-301F-11D3-BF4B-00C04F79EFBC}") = "Tyuiu.TkachukSS.Sprint3.Task2.V20.Test", "Tyuiu.TkachukSS.Sprint3.Task2.V20.Test\Tyuiu.TkachukSS.Sprint3.Task2.V20.Test.csproj", "{2B93F484-A093-41A2-994B-B61BE9C7E3D7}"
EndProject
Project("{2150E333-8FDC-42A3-9474-1A3956D46DE8}") = "Task3", "Task3", "{956877E5-97EC-453D-B0A8-D84EC992B637}"
EndProject
Project("{FAE04EC0-301F-11D3-BF4B-00C04F79EFBC}") = "Tyuiu.TkachukSS.Sprint3.Task3.V28", "Tyuiu.TkachukSS.Sprint3.Task3.V28\Tyuiu.TkachukSS.Sprint3.Task3.V28.csproj", "{99DADBA6-B29F-4B4B-91F7-044CE675F3E7}"
EndProject
Project("{FAE04EC0-301F-11D3-BF4B-00C04F79EFBC}") = "Tyuiu.TkachukSS.Sprint3.Task3.V28.Lib", "Tyuiu.TkachukSS.Sprint3.Task3.V28.Lib\Tyuiu.TkachukSS.Sprint3.Task3.V28.Lib.csproj", "{26F7DEC3-73AF-4774-B939-2F599D9A9CAD}"
EndProject
Project("{FAE04EC0-301F-11D3-BF4B-00C04F79EFBC}") = "Tyuiu.TkachukSS.Sprint3.Task3.V28.Test", "Tyuiu.TkachukSS.Sprint3.Task3.V28.Test\Tyuiu.TkachukSS.Sprint3.Task3.V28.Test.csproj", "{D91CE8BA-58C2-41BA-947C-84E14B4C7020}"
EndProject
Project("{2150E333-8FDC-42A3-9474-1A3956D46DE8}") = "Task4", "Task4", "{19FCBD48-EA24-4624-A938-5B08211B1006}"
EndProject
Project("{FAE04EC0-301F-11D3-BF4B-00C04F79EFBC}") = "Tyuiu.TkachukSS.Sprint3.Task4.V23", "Tyuiu.TkachukSS.Sprint3.Task4.V23\Tyuiu.TkachukSS.Sprint3.Task4.V23.csproj", "{59A2407C-DFBD-46DC-9499-C451335EFAE9}"
EndProject
Project("{FAE04EC0-301F-11D3-BF4B-00C04F79EFBC}") = "Tyuiu.TkachukSS.Sprint3.Task4.V23.Test", "Tyuiu.TkachukSS.Sprint3.Task4.V23.Test\Tyuiu.TkachukSS.Sprint3.Task4.V23.Test.csproj", "{ACD6F2B4-07AC-4C7B-84CA-BB9BC8AB51E8}"
EndProject
Project("{FAE04EC0-301F-11D3-BF4B-00C04F79EFBC}") = "Tyuiu.TkachukSS.Sprint3.Task4.V23.Lib", "Tyuiu.TkachukSS.Sprint3.Task4.V23.Lib\Tyuiu.TkachukSS.Sprint3.Task4.V23.Lib.csproj", "{A1632D7E-44D0-453A-AFC1-606DD3D3CEAC}"
EndProject
Project("{2150E333-8FDC-42A3-9474-1A3956D46DE8}") = "Task5", "Task5", "{E1DFCD76-F2C9-4B7F-BA31-5CC0747FFE24}"
EndProject
Project("{FAE04EC0-301F-11D3-BF4B-00C04F79EFBC}") = "Tyuiu.TkachukSS.Sprint3.Task5.V3", "Tyuiu.TkachukSS.Sprint3.Task5.V3\Tyuiu.TkachukSS.Sprint3.Task5.V3.csproj", "{3B055257-A760-448A-98CC-09A3F751AD01}"
EndProject
Project("{FAE04EC0-301F-11D3-BF4B-00C04F79EFBC}") = "Tyuiu.TkachukSS.Sprint3.Task5.V3.Lib", "Tyuiu.TkachukSS.Sprint3.Task5.V3.Lib\Tyuiu.TkachukSS.Sprint3.Task5.V3.Lib.csproj", "{9BB23EBF-847D-4995-B53E-6DAFA611D7B5}"
EndProject
Project("{FAE04EC0-301F-11D3-BF4B-00C04F79EFBC}") = "Tyuiu.TkachukSS.Sprint3.Task5.V3.Test", "Tyuiu.TkachukSS.Sprint3.Task5.V3.Test\Tyuiu.TkachukSS.Sprint3.Task5.V3.Test.csproj", "{C8FD2142-BC2E-4417-94B7-772BA8E1EC06}"
EndProject
Project("{2150E333-8FDC-42A3-9474-1A3956D46DE8}") = "Task6", "Task6", "{3C07A77B-21BB-4B21-9755-CC22FFD5A6E5}"
EndProject
Project("{FAE04EC0-301F-11D3-BF4B-00C04F79EFBC}") = "Tyuiu.TkachukSS.Sprint3.Task6.V18", "Tyuiu.TkachukSS.Sprint3.Task6.V18\Tyuiu.TkachukSS.Sprint3.Task6.V18.csproj", "{1ADBB902-4924-4331-B00C-FA3BE71E2A4B}"
EndProject
Project("{FAE04EC0-301F-11D3-BF4B-00C04F79EFBC}") = "Tyuiu.TkachukSS.Sprint3.Task6.V18.Lib", "Tyuiu.TkachukSS.Sprint3.Task6.V18.Lib\Tyuiu.TkachukSS.Sprint3.Task6.V18.Lib.csproj", "{F23E18BF-8EDB-4383-84C1-ECAA8D515E74}"
EndProject
Project("{FAE04EC0-301F-11D3-BF4B-00C04F79EFBC}") = "Tyuiu.TkachukSS.Sprint3.Task6.V18.Test", "Tyuiu.TkachukSS.Sprint3.Task6.V18.Test\Tyuiu.TkachukSS.Sprint3.Task6.V18.Test.csproj", "{4857C980-6781-4775-ABB0-060AF775CACD}"
EndProject
Project("{2150E333-8FDC-42A3-9474-1A3956D46DE8}") = "Task7", "Task7", "{431AEEE2-BF83-4E2D-A46D-2FC5E538783F}"
EndProject
Project("{FAE04EC0-301F-11D3-BF4B-00C04F79EFBC}") = "Tyuiu.TkachukSS.Sprint3.Task7.V14", "Tyuiu.TkachukSS.Sprint3.Task7.V23\Tyuiu.TkachukSS.Sprint3.Task7.V14.csproj", "{DFB90ED8-93F3-4266-AE3D-61622BC17AE9}"
EndProject
Project("{FAE04EC0-301F-11D3-BF4B-00C04F79EFBC}") = "Tyuiu.TkachukSS.Sprint3.Task7.V14.Lib", "Tyuiu.TkachukSS.Sprint3.Task7.V23.Lib\Tyuiu.TkachukSS.Sprint3.Task7.V14.Lib.csproj", "{50CA0EE0-98D4-499C-BBD4-4A7E3A7EECD4}"
EndProject
Project("{FAE04EC0-301F-11D3-BF4B-00C04F79EFBC}") = "Tyuiu.TkachukSS.Sprint3.Task7.V14.Test", "Tyuiu.TkachukSS.Sprint3.Task7.V23.Test\Tyuiu.TkachukSS.Sprint3.Task7.V14.Test.csproj", "{25E96E00-BADF-4775-9CC0-D5C95CB77D1A}"
EndProject
Global
	GlobalSection(SolutionConfigurationPlatforms) = preSolution
		Debug|Any CPU = Debug|Any CPU
		Debug|x64 = Debug|x64
		Debug|x86 = Debug|x86
		Release|Any CPU = Release|Any CPU
		Release|x64 = Release|x64
		Release|x86 = Release|x86
	EndGlobalSection
	GlobalSection(ProjectConfigurationPlatforms) = postSolution
		{1D2C29B8-0DBE-4F35-9DF7-E425F7178EEA}.Debug|Any CPU.ActiveCfg = Debug|Any CPU
		{1D2C29B8-0DBE-4F35-9DF7-E425F7178EEA}.Debug|Any CPU.Build.0 = Debug|Any CPU
		{1D2C29B8-0DBE-4F35-9DF7-E425F7178EEA}.Debug|x64.ActiveCfg = Debug|Any CPU
		{1D2C29B8-0DBE-4F35-9DF7-E425F7178EEA}.Debug|x64.Build.0 = Debug|Any CPU
		{1D2C29B8-0DBE-4F35-9DF7-E425F7178EEA}.Debug|x86.ActiveCfg = Debug|Any CPU
		{1D2C29B8-0DBE-4F35-9DF7-E425F7178EEA}.Debug|x86.Build.0 = Debug|Any CPU
		{1D2C29B8-0DBE-4F35-9DF7-E425F7178EEA}.Release|Any CPU.ActiveCfg = Release|Any CPU
		{1D2C29B8-0DBE-4F35-9DF7-E425F7178EEA}.Release|Any CPU.Build.0 = Release|Any CPU
		{1D2C29B8-0DBE-4F35-9DF7-E425F7178EEA}.Release|x64.ActiveCfg = Release|Any CPU
		{1D2C29B8-0DBE-4F35-9DF7-E425F7178EEA}.Release|x64.Build.0 = Release|Any CPU
		{1D2C29B8-0DBE-4F35-9DF7-E425F7178EEA}.Release|x86.ActiveCfg = Release|Any CPU
		{1D2C29B8-0DBE-4F35-9DF7-E425F7178EEA}.Release|x86.Build.0 = Release|Any CPU
		{39A85243-95DF-4B91-A908-FBF37BFCC85E}.Debug|Any CPU.ActiveCfg = Debug|Any CPU
		{39A85243-95DF-4B91-A908-FBF37BFCC85E}.Debug|Any CPU.Build.0 = Debug|Any CPU
		{39A85243-95DF-4B91-A908-FBF37BFCC85E}.Debug|x64.ActiveCfg = Debug|Any CPU
		{39A85243-95DF-4B91-A908-FBF37BFCC85E}.Debug|x64.Build.0 = Debug|Any CPU
		{39A85243-95DF-4B91-A908-FBF37BFCC85E}.Debug|x86.ActiveCfg = Debug|Any CPU
		{39A85243-95DF-4B91-A908-FBF37BFCC85E}.Debug|x86.Build.0 = Debug|Any CPU
		{39A85243-95DF-4B91-A908-FBF37BFCC85E}.Release|Any CPU.ActiveCfg = Release|Any CPU
		{39A85243-95DF-4B91-A908-FBF37BFCC85E}.Release|Any CPU.Build.0 = Release|Any CPU
		{39A85243-95DF-4B91-A908-FBF37BFCC85E}.Release|x64.ActiveCfg = Release|Any CPU
		{39A85243-95DF-4B91-A908-FBF37BFCC85E}.Release|x64.Build.0 = Release|Any CPU
		{39A85243-95DF-4B91-A908-FBF37BFCC85E}.Release|x86.ActiveCfg = Release|Any CPU
		{39A85243-95DF-4B91-A908-FBF37BFCC85E}.Release|x86.Build.0 = Release|Any CPU
		{CD2C1CA0-9679-4006-83BE-F63D644A28E3}.Debug|Any CPU.ActiveCfg = Debug|Any CPU
		{CD2C1CA0-9679-4006-83BE-F63D644A28E3}.Debug|Any CPU.Build.0 = Debug|Any CPU
		{CD2C1CA0-9679-4006-83BE-F63D644A28E3}.Debug|x64.ActiveCfg = Debug|Any CPU
		{CD2C1CA0-9679-4006-83BE-F63D644A28E3}.Debug|x64.Build.0 = Debug|Any CPU
		{CD2C1CA0-9679-4006-83BE-F63D644A28E3}.Debug|x86.ActiveCfg = Debug|Any CPU
		{CD2C1CA0-9679-4006-83BE-F63D644A28E3}.Debug|x86.Build.0 = Debug|Any CPU
		{CD2C1CA0-9679-4006-83BE-F63D644A28E3}.Release|Any CPU.ActiveCfg = Release|Any CPU
		{CD2C1CA0-9679-4006-83BE-F63D644A28E3}.Release|Any CPU.Build.0 = Release|Any CPU
		{CD2C1CA0-9679-4006-83BE-F63D644A28E3}.Release|x64.ActiveCfg = Release|Any CPU
		{CD2C1CA0-9679-4006-83BE-F63D644A28E3}.Release|x64.Build.0 = Release|Any CPU
		{CD2C1CA0-9679-4006-83BE-F63D644A28E3}.Release|x86.ActiveCfg = Release|Any CPU
		{CD2C1CA0-9679-4006-83BE-F63D644A28E3}.Release|x86.Build.0 = Release|Any CPU
		{0BC5FD31-65B8-4004-B831-4713DA0DFC02}.Debug|Any CPU.ActiveCfg = Debug|Any CPU
		{0BC5FD31-65B8-4004-B831-4713DA0DFC02}.Debug|Any CPU.Build.0 = Debug|Any CPU
		{0BC5FD31-65B8-4004-B831-4713DA0DFC02}.Debug|x64.ActiveCfg = Debug|Any CPU
		{0BC5FD31-65B8-4004-B831-4713DA0DFC02}.Debug|x64.Build.0 = Debug|Any CPU
		{0BC5FD31-65B8-4004-B831-4713DA0DFC02}.Debug|x86.ActiveCfg = Debug|Any CPU
		{0BC5FD31-65B8-4004-B831-4713DA0DFC02}.Debug|x86.Build.0 = Debug|Any CPU
		{0BC5FD31-65B8-4004-B831-4713DA0DFC02}.Release|Any CPU.ActiveCfg = Release|Any CPU
		{0BC5FD31-65B8-4004-B831-4713DA0DFC02}.Release|Any CPU.Build.0 = Release|Any CPU
		{0BC5FD31-65B8-4004-B831-4713DA0DFC02}.Release|x64.ActiveCfg = Release|Any CPU
		{0BC5FD31-65B8-4004-B831-4713DA0DFC02}.Release|x64.Build.0 = Release|Any CPU
		{0BC5FD31-65B8-4004-B831-4713DA0DFC02}.Release|x86.ActiveCfg = Release|Any CPU
		{0BC5FD31-65B8-4004-B831-4713DA0DFC02}.Release|x86.Build.0 = Release|Any CPU
		{FE12C105-4DA8-4BA9-B913-376B448AC7E6}.Debug|Any CPU.ActiveCfg = Debug|Any CPU
		{FE12C105-4DA8-4BA9-B913-376B448AC7E6}.Debug|Any CPU.Build.0 = Debug|Any CPU
		{FE12C105-4DA8-4BA9-B913-376B448AC7E6}.Debug|x64.ActiveCfg = Debug|Any CPU
		{FE12C105-4DA8-4BA9-B913-376B448AC7E6}.Debug|x64.Build.0 = Debug|Any CPU
		{FE12C105-4DA8-4BA9-B913-376B448AC7E6}.Debug|x86.ActiveCfg = Debug|Any CPU
		{FE12C105-4DA8-4BA9-B913-376B448AC7E6}.Debug|x86.Build.0 = Debug|Any CPU
		{FE12C105-4DA8-4BA9-B913-376B448AC7E6}.Release|Any CPU.ActiveCfg = Release|Any CPU
		{FE12C105-4DA8-4BA9-B913-376B448AC7E6}.Release|Any CPU.Build.0 = Release|Any CPU
		{FE12C105-4DA8-4BA9-B913-376B448AC7E6}.Release|x64.ActiveCfg = Release|Any CPU
		{FE12C105-4DA8-4BA9-B913-376B448AC7E6}.Release|x64.Build.0 = Release|Any CPU
		{FE12C105-4DA8-4BA9-B913-376B448AC7E6}.Release|x86.ActiveCfg = Release|Any CPU
		{FE12C105-4DA8-4BA9-B913-376B448AC7E6}.Release|x86.Build.0 = Release|Any CPU
		{AD853F37-7A84-43FD-BD6B-8583B4203A23}.Debug|Any CPU.ActiveCfg = Debug|Any CPU
		{AD853F37-7A84-43FD-BD6B-8583B4203A23}.Debug|Any CPU.Build.0 = Debug|Any CPU
		{AD853F37-7A84-43FD-BD6B-8583B4203A23}.Debug|x64.ActiveCfg = Debug|Any CPU
		{AD853F37-7A84-43FD-BD6B-8583B4203A23}.Debug|x64.Build.0 = Debug|Any CPU
		{AD853F37-7A84-43FD-BD6B-8583B4203A23}.Debug|x86.ActiveCfg = Debug|Any CPU
		{AD853F37-7A84-43FD-BD6B-8583B4203A23}.Debug|x86.Build.0 = Debug|Any CPU
		{AD853F37-7A84-43FD-BD6B-8583B4203A23}.Release|Any CPU.ActiveCfg = Release|Any CPU
		{AD853F37-7A84-43FD-BD6B-8583B4203A23}.Release|Any CPU.Build.0 = Release|Any CPU
		{AD853F37-7A84-43FD-BD6B-8583B4203A23}.Release|x64.ActiveCfg = Release|Any CPU
		{AD853F37-7A84-43FD-BD6B-8583B4203A23}.Release|x64.Build.0 = Release|Any CPU
		{AD853F37-7A84-43FD-BD6B-8583B4203A23}.Release|x86.ActiveCfg = Release|Any CPU
		{AD853F37-7A84-43FD-BD6B-8583B4203A23}.Release|x86.Build.0 = Release|Any CPU
		{D738453E-346D-4688-8CBE-12E32682E4A2}.Debug|Any CPU.ActiveCfg = Debug|Any CPU
		{D738453E-346D-4688-8CBE-12E32682E4A2}.Debug|Any CPU.Build.0 = Debug|Any CPU
		{D738453E-346D-4688-8CBE-12E32682E4A2}.Debug|x64.ActiveCfg = Debug|Any CPU
		{D738453E-346D-4688-8CBE-12E32682E4A2}.Debug|x64.Build.0 = Debug|Any CPU
		{D738453E-346D-4688-8CBE-12E32682E4A2}.Debug|x86.ActiveCfg = Debug|Any CPU
		{D738453E-346D-4688-8CBE-12E32682E4A2}.Debug|x86.Build.0 = Debug|Any CPU
		{D738453E-346D-4688-8CBE-12E32682E4A2}.Release|Any CPU.ActiveCfg = Release|Any CPU
		{D738453E-346D-4688-8CBE-12E32682E4A2}.Release|Any CPU.Build.0 = Release|Any CPU
		{D738453E-346D-4688-8CBE-12E32682E4A2}.Release|x64.ActiveCfg = Release|Any CPU
		{D738453E-346D-4688-8CBE-12E32682E4A2}.Release|x64.Build.0 = Release|Any CPU
		{D738453E-346D-4688-8CBE-12E32682E4A2}.Release|x86.ActiveCfg = Release|Any CPU
		{D738453E-346D-4688-8CBE-12E32682E4A2}.Release|x86.Build.0 = Release|Any CPU
		{FAB5B2E1-00F4-42BD-89CB-A19EBCEF48DA}.Debug|Any CPU.ActiveCfg = Debug|Any CPU
		{FAB5B2E1-00F4-42BD-89CB-A19EBCEF48DA}.Debug|Any CPU.Build.0 = Debug|Any CPU
		{FAB5B2E1-00F4-42BD-89CB-A19EBCEF48DA}.Debug|x64.ActiveCfg = Debug|Any CPU
		{FAB5B2E1-00F4-42BD-89CB-A19EBCEF48DA}.Debug|x64.Build.0 = Debug|Any CPU
		{FAB5B2E1-00F4-42BD-89CB-A19EBCEF48DA}.Debug|x86.ActiveCfg = Debug|Any CPU
		{FAB5B2E1-00F4-42BD-89CB-A19EBCEF48DA}.Debug|x86.Build.0 = Debug|Any CPU
		{FAB5B2E1-00F4-42BD-89CB-A19EBCEF48DA}.Release|Any CPU.ActiveCfg = Release|Any CPU
		{FAB5B2E1-00F4-42BD-89CB-A19EBCEF48DA}.Release|Any CPU.Build.0 = Release|Any CPU
		{FAB5B2E1-00F4-42BD-89CB-A19EBCEF48DA}.Release|x64.ActiveCfg = Release|Any CPU
		{FAB5B2E1-00F4-42BD-89CB-A19EBCEF48DA}.Release|x64.Build.0 = Release|Any CPU
		{FAB5B2E1-00F4-42BD-89CB-A19EBCEF48DA}.Release|x86.ActiveCfg = Release|Any CPU
		{FAB5B2E1-00F4-42BD-89CB-A19EBCEF48DA}.Release|x86.Build.0 = Release|Any CPU
		{2B93F484-A093-41A2-994B-B61BE9C7E3D7}.Debug|Any CPU.ActiveCfg = Debug|Any CPU
		{2B93F484-A093-41A2-994B-B61BE9C7E3D7}.Debug|Any CPU.Build.0 = Debug|Any CPU
		{2B93F484-A093-41A2-994B-B61BE9C7E3D7}.Debug|x64.ActiveCfg = Debug|Any CPU
		{2B93F484-A093-41A2-994B-B61BE9C7E3D7}.Debug|x64.Build.0 = Debug|Any CPU
		{2B93F484-A093-41A2-994B-B61BE9C7E3D7}.Debug|x86.ActiveCfg = Debug|Any CPU
		{2B93F484-A093-41A2-994B-B61BE9C7E3D7}.Debug|x86.Build.0 = Debug|Any CPU
		{2B93F484-A093-41A2-994B-B61BE9C7E3D7}.Release|Any CPU.ActiveCfg = Release|Any CPU
		{2B93F484-A093-41A2-994B-B61BE9C7E3D7}.Release|Any CPU.Build.0 = Release|Any CPU
		{2B93F484-A093-41A2-994B-B61BE9C7E3D7}.Release|x64.ActiveCfg = Release|Any CPU
		{2B93F484-A093-41A2-994B-B61BE9C7E3D7}.Release|x64.Build.0 = Release|Any CPU
		{2B93F484-A093-41A2-994B-B61BE9C7E3D7}.Release|x86.ActiveCfg = Release|Any CPU
		{2B93F484-A093-41A2-994B-B61BE9C7E3D7}.Release|x86.Build.0 = Release|Any CPU
		{99DADBA6-B29F-4B4B-91F7-044CE675F3E7}.Debug|Any CPU.ActiveCfg = Debug|Any CPU
		{99DADBA6-B29F-4B4B-91F7-044CE675F3E7}.Debug|Any CPU.Build.0 = Debug|Any CPU
		{99DADBA6-B29F-4B4B-91F7-044CE675F3E7}.Debug|x64.ActiveCfg = Debug|Any CPU
		{99DADBA6-B29F-4B4B-91F7-044CE675F3E7}.Debug|x64.Build.0 = Debug|Any CPU
		{99DADBA6-B29F-4B4B-91F7-044CE675F3E7}.Debug|x86.ActiveCfg = Debug|Any CPU
		{99DADBA6-B29F-4B4B-91F7-044CE675F3E7}.Debug|x86.Build.0 = Debug|Any CPU
		{99DADBA6-B29F-4B4B-91F7-044CE675F3E7}.Release|Any CPU.ActiveCfg = Release|Any CPU
		{99DADBA6-B29F-4B4B-91F7-044CE675F3E7}.Release|Any CPU.Build.0 = Release|Any CPU
		{99DADBA6-B29F-4B4B-91F7-044CE675F3E7}.Release|x64.ActiveCfg = Release|Any CPU
		{99DADBA6-B29F-4B4B-91F7-044CE675F3E7}.Release|x64.Build.0 = Release|Any CPU
		{99DADBA6-B29F-4B4B-91F7-044CE675F3E7}.Release|x86.ActiveCfg = Release|Any CPU
		{99DADBA6-B29F-4B4B-91F7-044CE675F3E7}.Release|x86.Build.0 = Release|Any CPU
		{26F7DEC3-73AF-4774-B939-2F599D9A9CAD}.Debug|Any CPU.ActiveCfg = Debug|Any CPU
		{26F7DEC3-73AF-4774-B939-2F599D9A9CAD}.Debug|Any CPU.Build.0 = Debug|Any CPU
		{26F7DEC3-73AF-4774-B939-2F599D9A9CAD}.Debug|x64.ActiveCfg = Debug|Any CPU
		{26F7DEC3-73AF-4774-B939-2F599D9A9CAD}.Debug|x64.Build.0 = Debug|Any CPU
		{26F7DEC3-73AF-4774-B939-2F599D9A9CAD}.Debug|x86.ActiveCfg = Debug|Any CPU
		{26F7DEC3-73AF-4774-B939-2F599D9A9CAD}.Debug|x86.Build.0 = Debug|Any CPU
		{26F7DEC3-73AF-4774-B939-2F599D9A9CAD}.Release|Any CPU.ActiveCfg = Release|Any CPU
		{26F7DEC3-73AF-4774-B939-2F599D9A9CAD}.Release|Any CPU.Build.0 = Release|Any CPU
		{26F7DEC3-73AF-4774-B939-2F599D9A9CAD}.Release|x64.ActiveCfg = Release|Any CPU
		{26F7DEC3-73AF-4774-B939-2F599D9A9CAD}.Release|x64.Build.0 = Release|Any CPU
		{26F7DEC3-73AF-4774-B939-2F599D9A9CAD}.Release|x86.ActiveCfg = Release|Any CPU
		{26F7DEC3-73AF-4774-B939-2F599D9A9CAD}.Release|x86.Build.0 = Release|Any CPU
		{D91CE8BA-58C2-41BA-947C-84E14B4C7020}.Debug|Any CPU.ActiveCfg = Debug|Any CPU
		{D91CE8BA-58C2-41BA-947C-84E14B4C7020}.Debug|Any CPU.Build.0 = Debug|Any CPU
		{D91CE8BA-58C2-41BA-947C-84E14B4C7020}.Debug|x64.ActiveCfg = Debug|Any CPU
		{D91CE8BA-58C2-41BA-947C-84E14B4C7020}.Debug|x64.Build.0 = Debug|Any CPU
		{D91CE8BA-58C2-41BA-947C-84E14B4C7020}.Debug|x86.ActiveCfg = Debug|Any CPU
		{D91CE8BA-58C2-41BA-947C-84E14B4C7020}.Debug|x86.Build.0 = Debug|Any CPU
		{D91CE8BA-58C2-41BA-947C-84E14B4C7020}.Release|Any CPU.ActiveCfg = Release|Any CPU
		{D91CE8BA-58C2-41BA-947C-84E14B4C7020}.Release|Any CPU.Build.0 = Release|Any CPU
		{D91CE8BA-58C2-41BA-947C-84E14B4C7020}.Release|x64.ActiveCfg = Release|Any CPU
		{D91CE8BA-58C2-41BA-947C-84E14B4C7020}.Release|x64.Build.0 = Release|Any CPU
		{D91CE8BA-58C2-41BA-947C-84E14B4C7020}.Release|x86.ActiveCfg = Release|Any CPU
		{D91CE8BA-58C2-41BA-947C-84E14B4C7020}.Release|x86.Build.0 = Release|Any CPU
		{59A2407C-DFBD-46DC-9499-C451335EFAE9}.Debug|Any CPU.ActiveCfg = Debug|Any CPU
		{59A2407C-DFBD-46DC-9499-C451335EFAE9}.Debug|Any CPU.Build.0 = Debug|Any CPU
		{59A2407C-DFBD-46DC-9499-C451335EFAE9}.Debug|x64.ActiveCfg = Debug|Any CPU
		{59A2407C-DFBD-46DC-9499-C451335EFAE9}.Debug|x64.Build.0 = Debug|Any CPU
		{59A2407C-DFBD-46DC-9499-C451335EFAE9}.Debug|x86.ActiveCfg = Debug|Any CPU
		{59A2407C-DFBD-46DC-9499-C451335EFAE9}.Debug|x86.Build.0 = Debug|Any CPU
		{59A2407C-DFBD-46DC-9499-C451335EFAE9}.Release|Any CPU.ActiveCfg = Release|Any CPU
		{59A2407C-DFBD-46DC-9499-C451335EFAE9}.Release|Any CPU.Build.0 = Release|Any CPU
		{59A2407C-DFBD-46DC-9499-C451335EFAE9}.Release|x64.ActiveCfg = Release|Any CPU
		{59A2407C-DFBD-46DC-9499-C451335EFAE9}.Release|x64.Build.0 = Release|Any CPU
		{59A2407C-DFBD-46DC-9499-C451335EFAE9}.Release|x86.ActiveCfg = Release|Any CPU
		{59A2407C-DFBD-46DC-9499-C451335EFAE9}.Release|x86.Build.0 = Release|Any CPU
		{ACD6F2B4-07AC-4C7B-84CA-BB9BC8AB51E8}.Debug|Any CPU.ActiveCfg = Debug|Any CPU
		{ACD6F2B4-07AC-4C7B-84CA-BB9BC8AB51E8}.Debug|Any CPU.Build.0 = Debug|Any CPU
		{ACD6F2B4-07AC-4C7B-84CA-BB9BC8AB51E8}.Debug|x64.ActiveCfg = Debug|Any CPU
		{ACD6F2B4-07AC-4C7B-84CA-BB9BC8AB51E8}.Debug|x64.Build.0 = Debug|Any CPU
		{ACD6F2B4-07AC-4C7B-84CA-BB9BC8AB51E8}.Debug|x86.ActiveCfg = Debug|Any CPU
		{ACD6F2B4-07AC-4C7B-84CA-BB9BC8AB51E8}.Debug|x86.Build.0 = Debug|Any CPU
		{ACD6F2B4-07AC-4C7B-84CA-BB9BC8AB51E8}.Release|Any CPU.ActiveCfg = Release|Any CPU
		{ACD6F2B4-07AC-4C7B-84CA-BB9BC8AB51E8}.Release|Any CPU.Build.0 = Release|Any CPU
		{ACD6F2B4-07AC-4C7B-84CA-BB9BC8AB51E8}.Release|x64.ActiveCfg = Release|Any CPU
		{ACD6F2B4-07AC-4C7B-84CA-BB9BC8AB51E8}.Release|x64.Build.0 = Release|Any CPU
		{ACD6F2B4-07AC-4C7B-84CA-BB9BC8AB51E8}.Release|x86.ActiveCfg = Release|Any CPU
		{ACD6F2B4-07AC-4C7B-84CA-BB9BC8AB51E8}.Release|x86.Build.0 = Release|Any CPU
		{A1632D7E-44D0-453A-AFC1-606DD3D3CEAC}.Debug|Any CPU.ActiveCfg = Debug|Any CPU
		{A1632D7E-44D0-453A-AFC1-606DD3D3CEAC}.Debug|Any CPU.Build.0 = Debug|Any CPU
		{A1632D7E-44D0-453A-AFC1-606DD3D3CEAC}.Debug|x64.ActiveCfg = Debug|Any CPU
		{A1632D7E-44D0-453A-AFC1-606DD3D3CEAC}.Debug|x64.Build.0 = Debug|Any CPU
		{A1632D7E-44D0-453A-AFC1-606DD3D3CEAC}.Debug|x86.ActiveCfg = Debug|Any CPU
		{A1632D7E-44D0-453A-AFC1-606DD3D3CEAC}.Debug|x86.Build.0 = Debug|Any CPU
		{A1632D7E-44D0-453A-AFC1-606DD3D3CEAC}.Release|Any CPU.ActiveCfg = Release|Any CPU
		{A1632D7E-44D0-453A-AFC1-606DD3D3CEAC}.Release|Any CPU.Build.0 = Release|Any CPU
		{A1632D7E-44D0-453A-AFC1-606DD3D3CEAC}.Release|x64.ActiveCfg = Release|Any CPU
		{A1632D7E-44D0-453A-AFC1-606DD3D3CEAC}.Release|x64.Build.0 = Release|Any CPU
		{A1632D7E-44D0-453A-AFC1-606DD3D3CEAC}.Release|x86.ActiveCfg = Release|Any CPU
		{A1632D7E-44D0-453A-AFC1-606DD3D3CEAC}.Release|x86.Build.0 = Release|Any CPU
		{3B055257-A760-448A-98CC-09A3F751AD01}.Debug|Any CPU.ActiveCfg = Debug|Any CPU
		{3B055257-A760-448A-98CC-09A3F751AD01}.Debug|Any CPU.Build.0 = Debug|Any CPU
		{3B055257-A760-448A-98CC-09A3F751AD01}.Debug|x64.ActiveCfg = Debug|Any CPU
		{3B055257-A760-448A-98CC-09A3F751AD01}.Debug|x64.Build.0 = Debug|Any CPU
		{3B055257-A760-448A-98CC-09A3F751AD01}.Debug|x86.ActiveCfg = Debug|Any CPU
		{3B055257-A760-448A-98CC-09A3F751AD01}.Debug|x86.Build.0 = Debug|Any CPU
		{3B055257-A760-448A-98CC-09A3F751AD01}.Release|Any CPU.ActiveCfg = Release|Any CPU
		{3B055257-A760-448A-98CC-09A3F751AD01}.Release|Any CPU.Build.0 = Release|Any CPU
		{3B055257-A760-448A-98CC-09A3F751AD01}.Release|x64.ActiveCfg = Release|Any CPU
		{3B055257-A760-448A-98CC-09A3F751AD01}.Release|x64.Build.0 = Release|Any CPU
		{3B055257-A760-448A-98CC-09A3F751AD01}.Release|x86.ActiveCfg = Release|Any CPU
		{3B055257-A760-448A-98CC-09A3F751AD01}.Release|x86.Build.0 = Release|Any CPU
		{9BB23EBF-847D-4995-B53E-6DAFA611D7B5}.Debug|Any CPU.ActiveCfg = Debug|Any CPU
		{9BB23EBF-847D-4995-B53E-6DAFA611D7B5}.Debug|Any CPU.Build.0 = Debug|Any CPU
		{9BB23EBF-847D-4995-B53E-6DAFA611D7B5}.Debug|x64.ActiveCfg = Debug|Any CPU
		{9BB23EBF-847D-4995-B53E-6DAFA611D7B5}.Debug|x64.Build.0 = Debug|Any CPU
		{9BB23EBF-847D-4995-B53E-6DAFA611D7B5}.Debug|x86.ActiveCfg = Debug|Any CPU
		{9BB23EBF-847D-4995-B53E-6DAFA611D7B5}.Debug|x86.Build.0 = Debug|Any CPU
		{9BB23EBF-847D-4995-B53E-6DAFA611D7B5}.Release|Any CPU.ActiveCfg = Release|Any CPU
		{9BB23EBF-847D-4995-B53E-6DAFA611D7B5}.Release|Any CPU.Build.0 = Release|Any CPU
		{9BB23EBF-847D-4995-B53E-6DAFA611D7B5}.Release|x64.ActiveCfg = Release|Any CPU
		{9BB23EBF-847D-4995-B53E-6DAFA611D7B5}.Release|x64.Build.0 = Release|Any CPU
		{9BB23EBF-847D-4995-B53E-6DAFA611D7B5}.Release|x86.ActiveCfg = Release|Any CPU
		{9BB23EBF-847D-4995-B53E-6DAFA611D7B5}.Release|x86.Build.0 = Release|Any CPU
		{C8FD2142-BC2E-4417-94B7-772BA8E1EC06}.Debug|Any CPU.ActiveCfg = Debug|Any CPU
		{C8FD2142-BC2E-4417-94B7-772BA8E1EC06}.Debug|Any CPU.Build.0 = Debug|Any CPU
		{C8FD2142-BC2E-4417-94B7-772BA8E1EC06}.Debug|x64.ActiveCfg = Debug|Any CPU
		{C8FD2142-BC2E-4417-94B7-772BA8E1EC06}.Debug|x64.Build.0 = Debug|Any CPU
		{C8FD2142-BC2E-4417-94B7-772BA8E1EC06}.Debug|x86.ActiveCfg = Debug|Any CPU
		{C8FD2142-BC2E-4417-94B7-772BA8E1EC06}.Debug|x86.Build.0 = Debug|Any CPU
		{C8FD2142-BC2E-4417-94B7-772BA8E1EC06}.Release|Any CPU.ActiveCfg = Release|Any CPU
		{C8FD2142-BC2E-4417-94B7-772BA8E1EC06}.Release|Any CPU.Build.0 = Release|Any CPU
		{C8FD2142-BC2E-4417-94B7-772BA8E1EC06}.Release|x64.ActiveCfg = Release|Any CPU
		{C8FD2142-BC2E-4417-94B7-772BA8E1EC06}.Release|x64.Build.0 = Release|Any CPU
		{C8FD2142-BC2E-4417-94B7-772BA8E1EC06}.Release|x86.ActiveCfg = Release|Any CPU
		{C8FD2142-BC2E-4417-94B7-772BA8E1EC06}.Release|x86.Build.0 = Release|Any CPU
		{1ADBB902-4924-4331-B00C-FA3BE71E2A4B}.Debug|Any CPU.ActiveCfg = Debug|Any CPU
		{1ADBB902-4924-4331-B00C-FA3BE71E2A4B}.Debug|Any CPU.Build.0 = Debug|Any CPU
		{1ADBB902-4924-4331-B00C-FA3BE71E2A4B}.Debug|x64.ActiveCfg = Debug|Any CPU
		{1ADBB902-4924-4331-B00C-FA3BE71E2A4B}.Debug|x64.Build.0 = Debug|Any CPU
		{1ADBB902-4924-4331-B00C-FA3BE71E2A4B}.Debug|x86.ActiveCfg = Debug|Any CPU
		{1ADBB902-4924-4331-B00C-FA3BE71E2A4B}.Debug|x86.Build.0 = Debug|Any CPU
		{1ADBB902-4924-4331-B00C-FA3BE71E2A4B}.Release|Any CPU.ActiveCfg = Release|Any CPU
		{1ADBB902-4924-4331-B00C-FA3BE71E2A4B}.Release|Any CPU.Build.0 = Release|Any CPU
		{1ADBB902-4924-4331-B00C-FA3BE71E2A4B}.Release|x64.ActiveCfg = Release|Any CPU
		{1ADBB902-4924-4331-B00C-FA3BE71E2A4B}.Release|x64.Build.0 = Release|Any CPU
		{1ADBB902-4924-4331-B00C-FA3BE71E2A4B}.Release|x86.ActiveCfg = Release|Any CPU
		{1ADBB902-4924-4331-B00C-FA3BE71E2A4B}.Release|x86.Build.0 = Release|Any CPU
		{F23E18BF-8EDB-4383-84C1-ECAA8D515E74}.Debug|Any CPU.ActiveCfg = Debug|Any CPU
		{F23E18BF-8EDB-4383-84C1-ECAA8D515E74}.Debug|Any CPU.Build.0 = Debug|Any CPU
		{F23E18BF-8EDB-4383-84C1-ECAA8D515E74}.Debug|x64.ActiveCfg = Debug|Any CPU
		{F23E18BF-8EDB-4383-84C1-ECAA8D515E74}.Debug|x64.Build.0 = Debug|Any CPU
		{F23E18BF-8EDB-4383-84C1-ECAA8D515E74}.Debug|x86.ActiveCfg = Debug|Any CPU
		{F23E18BF-8EDB-4383-84C1-ECAA8D515E74}.Debug|x86.Build.0 = Debug|Any CPU
		{F23E18BF-8EDB-4383-84C1-ECAA8D515E74}.Release|Any CPU.ActiveCfg = Release|Any CPU
		{F23E18BF-8EDB-4383-84C1-ECAA8D515E74}.Release|Any CPU.Build.0 = Release|Any CPU
		{F23E18BF-8EDB-4383-84C1-ECAA8D515E74}.Release|x64.ActiveCfg = Release|Any CPU
		{F23E18BF-8EDB-4383-84C1-ECAA8D515E74}.Release|x64.Build.0 = Release|Any CPU
		{F23E18BF-8EDB-4383-84C1-ECAA8D515E74}.Release|x86.ActiveCfg = Release|Any CPU
		{F23E18BF-8EDB-4383-84C1-ECAA8D515E74}.Release|x86.Build.0 = Release|Any CPU
		{4857C980-6781-4775-ABB0-060AF775CACD}.Debug|Any CPU.ActiveCfg = Debug|Any CPU
		{4857C980-6781-4775-ABB0-060AF775CACD}.Debug|Any CPU.Build.0 = Debug|Any CPU
		{4857C980-6781-4775-ABB0-060AF775CACD}.Debug|x64.ActiveCfg = Debug|Any CPU
		{4857C980-6781-4775-ABB0-060AF775CACD}.Debug|x64.Build.0 = Debug|Any CPU
		{4857C980-6781-4775-ABB0-060AF775CACD}.Debug|x86.ActiveCfg = Debug|Any CPU
		{4857C980-6781-4775-ABB0-060AF775CACD}.Debug|x86.Build.0 = Debug|Any CPU
		{4857C980-6781-4775-ABB0-060AF775CACD}.Release|Any CPU.ActiveCfg = Release|Any CPU
		{4857C980-6781-4775-ABB0-060AF775CACD}.Release|Any CPU.Build.0 = Release|Any CPU
		{4857C980-6781-4775-ABB0-060AF775CACD}.Release|x64.ActiveCfg = Release|Any CPU
		{4857C980-6781-4775-ABB0-060AF775CACD}.Release|x64.Build.0 = Release|Any CPU
		{4857C980-6781-4775-ABB0-060AF775CACD}.Release|x86.ActiveCfg = Release|Any CPU
		{4857C980-6781-4775-ABB0-060AF775CACD}.Release|x86.Build.0 = Release|Any CPU
		{DFB90ED8-93F3-4266-AE3D-61622BC17AE9}.Debug|Any CPU.ActiveCfg = Debug|Any CPU
		{DFB90ED8-93F3-4266-AE3D-61622BC17AE9}.Debug|Any CPU.Build.0 = Debug|Any CPU
		{DFB90ED8-93F3-4266-AE3D-61622BC17AE9}.Debug|x64.ActiveCfg = Debug|Any CPU
		{DFB90ED8-93F3-4266-AE3D-61622BC17AE9}.Debug|x64.Build.0 = Debug|Any CPU
		{DFB90ED8-93F3-4266-AE3D-61622BC17AE9}.Debug|x86.ActiveCfg = Debug|Any CPU
		{DFB90ED8-93F3-4266-AE3D-61622BC17AE9}.Debug|x86.Build.0 = Debug|Any CPU
		{DFB90ED8-93F3-4266-AE3D-61622BC17AE9}.Release|Any CPU.ActiveCfg = Release|Any CPU
		{DFB90ED8-93F3-4266-AE3D-61622BC17AE9}.Release|Any CPU.Build.0 = Release|Any CPU
		{DFB90ED8-93F3-4266-AE3D-61622BC17AE9}.Release|x64.ActiveCfg = Release|Any CPU
		{DFB90ED8-93F3-4266-AE3D-61622BC17AE9}.Release|x64.Build.0 = Release|Any CPU
		{DFB90ED8-93F3-4266-AE3D-61622BC17AE9}.Release|x86.ActiveCfg = Release|Any CPU
		{DFB90ED8-93F3-4266-AE3D-61622BC17AE9}.Release|x86.Build.0 = Release|Any CPU
		{50CA0EE0-98D4-499C-BBD4-4A7E3A7EECD4}.Debug|Any CPU.ActiveCfg = Debug|Any CPU
		{50CA0EE0-98D4-499C-BBD4-4A7E3A7EECD4}.Debug|Any CPU.Build.0 = Debug|Any CPU
		{50CA0EE0-98D4-499C-BBD4-4A7E3A7EECD4}.Debug|x64.ActiveCfg = Debug|Any CPU
		{50CA0EE0-98D4-499C-BBD4-4A7E3A7EECD4}.Debug|x64.Build.0 = Debug|Any CPU
		{50CA0EE0-98D4-499C-BBD4-4A7E3A7EECD4}.Debug|x86.ActiveCfg = Debug|Any CPU
		{50CA0EE0-98D4-499C-BBD4-4A7E3A7EECD4}.Debug|x86.Build.0 = Debug|Any CPU
		{50CA0EE0-98D4-499C-BBD4-4A7E3A7EECD4}.Release|Any CPU.ActiveCfg = Release|Any CPU
		{50CA0EE0-98D4-499C-BBD4-4A7E3A7EECD4}.Release|Any CPU.Build.0 = Release|Any CPU
		{50CA0EE0-98D4-499C-BBD4-4A7E3A7EECD4}.Release|x64.ActiveCfg = Release|Any CPU
		{50CA0EE0-98D4-499C-BBD4-4A7E3A7EECD4}.Release|x64.Build.0 = Release|Any CPU
		{50CA0EE0-98D4-499C-BBD4-4A7E3A7EECD4}.Release|x86.ActiveCfg = Release|Any CPU
		{50CA0EE0-98D4-499C-BBD4-4A7E3A7EECD4}.Release|x86.Build.0 = Release|Any CPU
		{25E96E00-BADF-4775-9CC0-D5C95CB77D1A}.Debug|Any CPU.ActiveCfg = Debug|Any CPU
		{25E96E00-BADF-4775-9CC0-D5C95CB77D1A}.Debug|Any CPU.Build.0 = Debug|Any CPU
		{25E96E00-BADF-4775-9CC0-D5C95CB77D1A}.Debug|x64.ActiveCfg = Debug|Any CPU
		{25E96E00-BADF-4775-9CC0-D5C95CB77D1A}.Debug|x64.Build.0 = Debug|Any CPU
		{25E96E00-BADF-4775-9CC0-D5C95CB77D1A}.Debug|x86.ActiveCfg = Debug|Any CPU
		{25E96E00-BADF-4775-9CC0-D5C95CB77D1A}.Debug|x86.Build.0 = Debug|Any CPU
		{25E96E00-BADF-4775-9CC0-D5C95CB77D1A}.Release|Any CPU.ActiveCfg = Release|Any CPU
		{25E96E00-BADF-4775-9CC0-D5C95CB77D1A}.Release|Any CPU.Build.0 = Release|Any CPU
		{25E96E00-BADF-4775-9CC0-D5C95CB77D1A}.Release|x64.ActiveCfg = Release|Any CPU
		{25E96E00-BADF-4775-9CC0-D5C95CB77D1A}.Release|x64.Build.0 = Release|Any CPU
		{25E96E00-BADF-4775-9CC0-D5C95CB77D1A}.Release|x86.ActiveCfg = Release|Any CPU
		{25E96E00-BADF-4775-9CC0-D5C95CB77D1A}.Release|x86.Build.0 = Release|Any CPU
	EndGlobalSection
	GlobalSection(SolutionProperties) = preSolution
		HideSolutionNode = FALSE
	EndGlobalSection
	GlobalSection(NestedProjects) = preSolution
		{1D2C29B8-0DBE-4F35-9DF7-E425F7178EEA} = {22A23738-72FE-4847-BB00-3D155A741716}
		{39A85243-95DF-4B91-A908-FBF37BFCC85E} = {22A23738-72FE-4847-BB00-3D155A741716}
		{CD2C1CA0-9679-4006-83BE-F63D644A28E3} = {22A23738-72FE-4847-BB00-3D155A741716}
		{0BC5FD31-65B8-4004-B831-4713DA0DFC02} = {7B6FAF17-C495-4743-B786-9F71F66B1407}
		{FE12C105-4DA8-4BA9-B913-376B448AC7E6} = {7B6FAF17-C495-4743-B786-9F71F66B1407}
		{AD853F37-7A84-43FD-BD6B-8583B4203A23} = {7B6FAF17-C495-4743-B786-9F71F66B1407}
		{D738453E-346D-4688-8CBE-12E32682E4A2} = {6BB26EB7-79AF-478D-95C9-3555002185B1}
		{FAB5B2E1-00F4-42BD-89CB-A19EBCEF48DA} = {6BB26EB7-79AF-478D-95C9-3555002185B1}
		{2B93F484-A093-41A2-994B-B61BE9C7E3D7} = {6BB26EB7-79AF-478D-95C9-3555002185B1}
		{99DADBA6-B29F-4B4B-91F7-044CE675F3E7} = {956877E5-97EC-453D-B0A8-D84EC992B637}
		{26F7DEC3-73AF-4774-B939-2F599D9A9CAD} = {956877E5-97EC-453D-B0A8-D84EC992B637}
		{D91CE8BA-58C2-41BA-947C-84E14B4C7020} = {956877E5-97EC-453D-B0A8-D84EC992B637}
		{59A2407C-DFBD-46DC-9499-C451335EFAE9} = {19FCBD48-EA24-4624-A938-5B08211B1006}
		{ACD6F2B4-07AC-4C7B-84CA-BB9BC8AB51E8} = {19FCBD48-EA24-4624-A938-5B08211B1006}
		{A1632D7E-44D0-453A-AFC1-606DD3D3CEAC} = {19FCBD48-EA24-4624-A938-5B08211B1006}
		{3B055257-A760-448A-98CC-09A3F751AD01} = {E1DFCD76-F2C9-4B7F-BA31-5CC0747FFE24}
		{9BB23EBF-847D-4995-B53E-6DAFA611D7B5} = {E1DFCD76-F2C9-4B7F-BA31-5CC0747FFE24}
		{C8FD2142-BC2E-4417-94B7-772BA8E1EC06} = {E1DFCD76-F2C9-4B7F-BA31-5CC0747FFE24}
		{1ADBB902-4924-4331-B00C-FA3BE71E2A4B} = {3C07A77B-21BB-4B21-9755-CC22FFD5A6E5}
		{F23E18BF-8EDB-4383-84C1-ECAA8D515E74} = {3C07A77B-21BB-4B21-9755-CC22FFD5A6E5}
		{4857C980-6781-4775-ABB0-060AF775CACD} = {3C07A77B-21BB-4B21-9755-CC22FFD5A6E5}
		{DFB90ED8-93F3-4266-AE3D-61622BC17AE9} = {431AEEE2-BF83-4E2D-A46D-2FC5E538783F}
		{50CA0EE0-98D4-499C-BBD4-4A7E3A7EECD4} = {431AEEE2-BF83-4E2D-A46D-2FC5E538783F}
		{25E96E00-BADF-4775-9CC0-D5C95CB77D1A} = {431AEEE2-BF83-4E2D-A46D-2FC5E538783F}
	EndGlobalSection
	GlobalSection(ExtensibilityGlobals) = postSolution
		SolutionGuid = {6A7CBEC0-8F5B-431F-A64F-66E95DD94827}
	EndGlobalSection
EndGlobal
