
Microsoft Visual Studio Solution File, Format Version 12.00
# Visual Studio Version 16
VisualStudioVersion = 16.0.33927.289
MinimumVisualStudioVersion = 10.0.40219.1
Project("{2150E333-8FDC-42A3-9474-1A3956D46DE8}") = "Task0", "Task0", "{22A23738-72FE-4847-BB00-3D155A741716}"
EndProject
Project("{FAE04EC0-301F-11D3-BF4B-00C04F79EFBC}") = "Tyuiu.TkachukSS.Sprint3.Task0.V23", "Tyuiu.TkachukSS.Sprint3.Task0.V23\Tyuiu.TkachukSS.Sprint3.Task0.V23.csproj", "{1D2C29B8-0DBE-4F35-9DF7-E425F7178EEA}"
EndProject
Project("{FAE04EC0-301F-11D3-BF4B-00C04F79EFBC}") = "Tyuiu.TkachukSS.Sprint3.Task0.V23.Lib", "Tyuiu.TkachukSS.Sprint3.Task0.V23.Lib\Tyuiu.TkachukSS.Sprint3.Task0.V23.Lib.csproj", "{39A85243-95DF-4B91-A908-FBF37BFCC85E}"
EndProject
Project("{FAE04EC0-301F-11D3-BF4B-00C04F79EFBC}") = "Tyuiu.TkachukSS.Sprint3.Task0.V23.Test", "Tyuiu.TkachukSS.Sprint3.V23.Test\Tyuiu.TkachukSS.Sprint3.Task0.V23.Test.csproj", "{CD2C1CA0-9679-4006-83BE-F63D644A28E3}"
EndProject
Project("{2150E333-8FDC-42A3-9474-1A3956D46DE8}") = "Task1", "Task1", "{7B6FAF17-C495-4743-B786-9F71F66B1407}"
EndProject
Project("{FAE04EC0-301F-11D3-BF4B-00C04F79EFBC}") = "Tyuiu.TkachukSS.Sprint3.Task1.V6", "Tyuiu.TkachukSS.Sprint3.Task1.V6\Tyuiu.TkachukSS.Sprint3.Task1.V6.csproj", "{0BC5FD31-65B8-4004-B831-4713DA0DFC02}"
EndProject
Project("{FAE04EC0-301F-11D3-BF4B-00C04F79EFBC}") = "Tyuiu.TkachukSS.Sprint3.Task1.V6.Lib", "Tyuiu.TkachukSS.Sprint3.Task1.V6.Lib\Tyuiu.TkachukSS.Sprint3.Task1.V6.Lib.csproj", "{FE12C105-4DA8-4BA9-B913-376B448AC7E6}"
EndProject
Project("{FAE04EC0-301F-11D3-BF4B-00C04F79EFBC}") = "Tyuiu.TkachukSS.Sprint3.Task1.V6.Test", "Tyuiu.TkachukSS.Sprint3.Task1.V6.Test\Tyuiu.TkachukSS.Sprint3.Task1.V6.Test.csproj", "{AD853F37-7A84-43FD-BD6B-8583B4203A23}"
EndProject
Project("{2150E333-8FDC-42A3-9474-1A3956D46DE8}") = "Task2", "Task2", "{6BB26EB7-79AF-478D-95C9-3555002185B1}"
EndProject
Project("{FAE04EC0-301F-11D3-BF4B-00C04F79EFBC}") = "Tyuiu.TkachukSS.Sprint3.Task2.V20", "Tyuiu.TkachukSS.Sprint3.Task2.V20\Tyuiu.TkachukSS.Sprint3.Task2.V20.csproj", "{D738453E-346D-4688-8CBE-12E32682E4A2}"
EndProject
Project("{FAE04EC0-301F-11D3-BF4B-00C04F79EFBC}") = "Tyuiu.TkachukSS.Sprint3.Task2.V20.Lib", "Tyuiu.TkachukSS.Sprint3.Task2.V20.Lib\Tyuiu.TkachukSS.Sprint3.Task2.V20.Lib.csproj", "{FAB5B2E1-00F4-42BD-89CB-A19EBCEF48DA}"
EndProject
Project("{FAE04EC0-301F-11D3-BF4B-00C04F79EFBC}") = "Tyuiu.TkachukSS.Sprint3.Task2.V20.Test", "Tyuiu.TkachukSS.Sprint3.Task2.V20.Test\Tyuiu.TkachukSS.Sprint3.Task2.V20.Test.csproj", "{2B93F484-A093-41A2-994B-B61BE9C7E3D7}"
EndProject
Project("{2150E333-8FDC-42A3-9474-1A3956D46DE8}") = "Task3", "Task3", "{956877E5-97EC-453D-B0A8-D84EC992B637}"
EndProject
Project("{FAE04EC0-301F-11D3-BF4B-00C04F79EFBC}") = "Tyuiu.TkachukSS.Sprint3.Task3.V28", "Tyuiu.TkachukSS.Sprint3.Task3.V28\Tyuiu.TkachukSS.Sprint3.Task3.V28.csproj", "{99DADBA6-B29F-4B4B-91F7-044CE675F3E7}"
EndProject
Project("{FAE04EC0-301F-11D3-BF4B-00C04F79EFBC}") = "Tyuiu.TkachukSS.Sprint3.Task3.V28.Lib", "Tyuiu.TkachukSS.Sprint3.Task3.V28.Lib\Tyuiu.TkachukSS.Sprint3.Task3.V28.Lib.csproj", "{26F7DEC3-73AF-4774-B939-2F599D9A9CAD}"
EndProject
Project("{FAE04EC0-301F-11D3-BF4B-00C04F79EFBC}") = "Tyuiu.TkachukSS.Sprint3.Task3.V28.Test", "Tyuiu.TkachukSS.Sprint3.Task3.V28.Test\Tyuiu.TkachukSS.Sprint3.Task3.V28.Test.csproj", "{D91CE8BA-58C2-41BA-947C-84E14B4C7020}"
EndProject
Global
	GlobalSection(SolutionConfigurationPlatforms) = preSolution
		Debug|Any CPU = Debug|Any CPU
		Release|Any CPU = Release|Any CPU
	EndGlobalSection
	GlobalSection(ProjectConfigurationPlatforms) = postSolution
		{1D2C29B8-0DBE-4F35-9DF7-E425F7178EEA}.Debug|Any CPU.ActiveCfg = Debug|Any CPU
		{1D2C29B8-0DBE-4F35-9DF7-E425F7178EEA}.Debug|Any CPU.Build.0 = Debug|Any CPU
		{1D2C29B8-0DBE-4F35-9DF7-E425F7178EEA}.Release|Any CPU.ActiveCfg = Release|Any CPU
		{1D2C29B8-0DBE-4F35-9DF7-E425F7178EEA}.Release|Any CPU.Build.0 = Release|Any CPU
		{39A85243-95DF-4B91-A908-FBF37BFCC85E}.Debug|Any CPU.ActiveCfg = Debug|Any CPU
		{39A85243-95DF-4B91-A908-FBF37BFCC85E}.Debug|Any CPU.Build.0 = Debug|Any CPU
		{39A85243-95DF-4B91-A908-FBF37BFCC85E}.Release|Any CPU.ActiveCfg = Release|Any CPU
		{39A85243-95DF-4B91-A908-FBF37BFCC85E}.Release|Any CPU.Build.0 = Release|Any CPU
		{CD2C1CA0-9679-4006-83BE-F63D644A28E3}.Debug|Any CPU.ActiveCfg = Debug|Any CPU
		{CD2C1CA0-9679-4006-83BE-F63D644A28E3}.Debug|Any CPU.Build.0 = Debug|Any CPU
		{CD2C1CA0-9679-4006-83BE-F63D644A28E3}.Release|Any CPU.ActiveCfg = Release|Any CPU
		{CD2C1CA0-9679-4006-83BE-F63D644A28E3}.Release|Any CPU.Build.0 = Release|Any CPU
		{0BC5FD31-65B8-4004-B831-4713DA0DFC02}.Debug|Any CPU.ActiveCfg = Debug|Any CPU
		{0BC5FD31-65B8-4004-B831-4713DA0DFC02}.Debug|Any CPU.Build.0 = Debug|Any CPU
		{0BC5FD31-65B8-4004-B831-4713DA0DFC02}.Release|Any CPU.ActiveCfg = Release|Any CPU
		{0BC5FD31-65B8-4004-B831-4713DA0DFC02}.Release|Any CPU.Build.0 = Release|Any CPU
		{FE12C105-4DA8-4BA9-B913-376B448AC7E6}.Debug|Any CPU.ActiveCfg = Debug|Any CPU
		{FE12C105-4DA8-4BA9-B913-376B448AC7E6}.Debug|Any CPU.Build.0 = Debug|Any CPU
		{FE12C105-4DA8-4BA9-B913-376B448AC7E6}.Release|Any CPU.ActiveCfg = Release|Any CPU
		{FE12C105-4DA8-4BA9-B913-376B448AC7E6}.Release|Any CPU.Build.0 = Release|Any CPU
		{AD853F37-7A84-43FD-BD6B-8583B4203A23}.Debug|Any CPU.ActiveCfg = Debug|Any CPU
		{AD853F37-7A84-43FD-BD6B-8583B4203A23}.Debug|Any CPU.Build.0 = Debug|Any CPU
		{AD853F37-7A84-43FD-BD6B-8583B4203A23}.Release|Any CPU.ActiveCfg = Release|Any CPU
		{AD853F37-7A84-43FD-BD6B-8583B4203A23}.Release|Any CPU.Build.0 = Release|Any CPU
		{D738453E-346D-4688-8CBE-12E32682E4A2}.Debug|Any CPU.ActiveCfg = Debug|Any CPU
		{D738453E-346D-4688-8CBE-12E32682E4A2}.Debug|Any CPU.Build.0 = Debug|Any CPU
		{D738453E-346D-4688-8CBE-12E32682E4A2}.Release|Any CPU.ActiveCfg = Release|Any CPU
		{D738453E-346D-4688-8CBE-12E32682E4A2}.Release|Any CPU.Build.0 = Release|Any CPU
		{FAB5B2E1-00F4-42BD-89CB-A19EBCEF48DA}.Debug|Any CPU.ActiveCfg = Debug|Any CPU
		{FAB5B2E1-00F4-42BD-89CB-A19EBCEF48DA}.Debug|Any CPU.Build.0 = Debug|Any CPU
		{FAB5B2E1-00F4-42BD-89CB-A19EBCEF48DA}.Release|Any CPU.ActiveCfg = Release|Any CPU
		{FAB5B2E1-00F4-42BD-89CB-A19EBCEF48DA}.Release|Any CPU.Build.0 = Release|Any CPU
		{2B93F484-A093-41A2-994B-B61BE9C7E3D7}.Debug|Any CPU.ActiveCfg = Debug|Any CPU
		{2B93F484-A093-41A2-994B-B61BE9C7E3D7}.Debug|Any CPU.Build.0 = Debug|Any CPU
		{2B93F484-A093-41A2-994B-B61BE9C7E3D7}.Release|Any CPU.ActiveCfg = Release|Any CPU
		{2B93F484-A093-41A2-994B-B61BE9C7E3D7}.Release|Any CPU.Build.0 = Release|Any CPU
		{99DADBA6-B29F-4B4B-91F7-044CE675F3E7}.Debug|Any CPU.ActiveCfg = Debug|Any CPU
		{99DADBA6-B29F-4B4B-91F7-044CE675F3E7}.Debug|Any CPU.Build.0 = Debug|Any CPU
		{99DADBA6-B29F-4B4B-91F7-044CE675F3E7}.Release|Any CPU.ActiveCfg = Release|Any CPU
		{99DADBA6-B29F-4B4B-91F7-044CE675F3E7}.Release|Any CPU.Build.0 = Release|Any CPU
		{26F7DEC3-73AF-4774-B939-2F599D9A9CAD}.Debug|Any CPU.ActiveCfg = Debug|Any CPU
		{26F7DEC3-73AF-4774-B939-2F599D9A9CAD}.Debug|Any CPU.Build.0 = Debug|Any CPU
		{26F7DEC3-73AF-4774-B939-2F599D9A9CAD}.Release|Any CPU.ActiveCfg = Release|Any CPU
		{26F7DEC3-73AF-4774-B939-2F599D9A9CAD}.Release|Any CPU.Build.0 = Release|Any CPU
		{D91CE8BA-58C2-41BA-947C-84E14B4C7020}.Debug|Any CPU.ActiveCfg = Debug|Any CPU
		{D91CE8BA-58C2-41BA-947C-84E14B4C7020}.Debug|Any CPU.Build.0 = Debug|Any CPU
		{D91CE8BA-58C2-41BA-947C-84E14B4C7020}.Release|Any CPU.ActiveCfg = Release|Any CPU
		{D91CE8BA-58C2-41BA-947C-84E14B4C7020}.Release|Any CPU.Build.0 = Release|Any CPU
	EndGlobalSection
	GlobalSection(SolutionProperties) = preSolution
		HideSolutionNode = FALSE
	EndGlobalSection
	GlobalSection(NestedProjects) = preSolution
		{1D2C29B8-0DBE-4F35-9DF7-E425F7178EEA} = {22A23738-72FE-4847-BB00-3D155A741716}
		{39A85243-95DF-4B91-A908-FBF37BFCC85E} = {22A23738-72FE-4847-BB00-3D155A741716}
		{CD2C1CA0-9679-4006-83BE-F63D644A28E3} = {22A23738-72FE-4847-BB00-3D155A741716}
		{0BC5FD31-65B8-4004-B831-4713DA0DFC02} = {7B6FAF17-C495-4743-B786-9F71F66B1407}
		{FE12C105-4DA8-4BA9-B913-376B448AC7E6} = {7B6FAF17-C495-4743-B786-9F71F66B1407}
		{AD853F37-7A84-43FD-BD6B-8583B4203A23} = {7B6FAF17-C495-4743-B786-9F71F66B1407}
		{D738453E-346D-4688-8CBE-12E32682E4A2} = {6BB26EB7-79AF-478D-95C9-3555002185B1}
		{FAB5B2E1-00F4-42BD-89CB-A19EBCEF48DA} = {6BB26EB7-79AF-478D-95C9-3555002185B1}
		{2B93F484-A093-41A2-994B-B61BE9C7E3D7} = {6BB26EB7-79AF-478D-95C9-3555002185B1}
		{99DADBA6-B29F-4B4B-91F7-044CE675F3E7} = {956877E5-97EC-453D-B0A8-D84EC992B637}
		{26F7DEC3-73AF-4774-B939-2F599D9A9CAD} = {956877E5-97EC-453D-B0A8-D84EC992B637}
		{D91CE8BA-58C2-41BA-947C-84E14B4C7020} = {956877E5-97EC-453D-B0A8-D84EC992B637}
	EndGlobalSection
	GlobalSection(ExtensibilityGlobals) = postSolution
		SolutionGuid = {6A7CBEC0-8F5B-431F-A64F-66E95DD94827}
	EndGlobalSection
EndGlobal
